
Microsoft Visual Studio Solution File, Format Version 12.00
# Visual Studio Version 17
VisualStudioVersion = 17.0.32014.148
MinimumVisualStudioVersion = 10.0.40219.1
Project("{9A19103F-16F7-4668-BE54-9A1E7A4F7556}") = "worker-A", "worker-A\worker-A.csproj", "{B1AFA7BE-CF6E-4D72-B83C-E5EDE0EAD4BE}"
EndProject
Project("{9A19103F-16F7-4668-BE54-9A1E7A4F7556}") = "common-module", "submodule-common\common-module\common-module.csproj", "{DF948177-6944-45E8-9995-2287B8D6B884}"
EndProject
Global
	GlobalSection(SolutionConfigurationPlatforms) = preSolution
		Debug|Any CPU = Debug|Any CPU
		Release|Any CPU = Release|Any CPU
	EndGlobalSection
	GlobalSection(ProjectConfigurationPlatforms) = postSolution
		{B1AFA7BE-CF6E-4D72-B83C-E5EDE0EAD4BE}.Debug|Any CPU.ActiveCfg = Debug|Any CPU
		{B1AFA7BE-CF6E-4D72-B83C-E5EDE0EAD4BE}.Debug|Any CPU.Build.0 = Debug|Any CPU
		{B1AFA7BE-CF6E-4D72-B83C-E5EDE0EAD4BE}.Release|Any CPU.ActiveCfg = Release|Any CPU
		{B1AFA7BE-CF6E-4D72-B83C-E5EDE0EAD4BE}.Release|Any CPU.Build.0 = Release|Any CPU
		{DF948177-6944-45E8-9995-2287B8D6B884}.Debug|Any CPU.ActiveCfg = Debug|Any CPU
		{DF948177-6944-45E8-9995-2287B8D6B884}.Debug|Any CPU.Build.0 = Debug|Any CPU
		{DF948177-6944-45E8-9995-2287B8D6B884}.Release|Any CPU.ActiveCfg = Release|Any CPU
		{DF948177-6944-45E8-9995-2287B8D6B884}.Release|Any CPU.Build.0 = Release|Any CPU
	EndGlobalSection
	GlobalSection(SolutionProperties) = preSolution
		HideSolutionNode = FALSE
	EndGlobalSection
	GlobalSection(ExtensibilityGlobals) = postSolution
		SolutionGuid = {D0CD1E7D-056D-492B-91BD-677479ECF63E}
	EndGlobalSection
EndGlobal
